
Microsoft Visual Studio Solution File, Format Version 12.00
# Visual Studio Version 17
VisualStudioVersion = 17.3.32825.248
MinimumVisualStudioVersion = 10.0.40219.1
Project("{FAE04EC0-301F-11D3-BF4B-00C04F79EFBC}") = "Indivuellt projekt Databas", "Indivuellt projekt Databas\Indivuellt projekt Databas.csproj", "{823022CF-5E8A-4D08-9152-9A80AB3EAB14}"
EndProject
Global
	GlobalSection(SolutionConfigurationPlatforms) = preSolution
		Debug|Any CPU = Debug|Any CPU
		Release|Any CPU = Release|Any CPU
	EndGlobalSection
	GlobalSection(ProjectConfigurationPlatforms) = postSolution
		{823022CF-5E8A-4D08-9152-9A80AB3EAB14}.Debug|Any CPU.ActiveCfg = Debug|Any CPU
		{823022CF-5E8A-4D08-9152-9A80AB3EAB14}.Debug|Any CPU.Build.0 = Debug|Any CPU
		{823022CF-5E8A-4D08-9152-9A80AB3EAB14}.Release|Any CPU.ActiveCfg = Release|Any CPU
		{823022CF-5E8A-4D08-9152-9A80AB3EAB14}.Release|Any CPU.Build.0 = Release|Any CPU
	EndGlobalSection
	GlobalSection(SolutionProperties) = preSolution
		HideSolutionNode = FALSE
	EndGlobalSection
	GlobalSection(ExtensibilityGlobals) = postSolution
		SolutionGuid = {58F51716-8069-4EC1-85C5-2A86A0B3CFE3}
	EndGlobalSection
EndGlobal
